// !$*UTF8*$!
{
	archiveVersion = 1;
	classes = {
	};
	objectVersion = 50;
	objects = {

/* Begin PBXBuildFile section */
		696618482451B3BA007F5D72 /* AppDelegate.swift in Sources */ = {isa = PBXBuildFile; fileRef = 696618472451B3BA007F5D72 /* AppDelegate.swift */; };
		6966184A2451B3BA007F5D72 /* SceneDelegate.swift in Sources */ = {isa = PBXBuildFile; fileRef = 696618492451B3BA007F5D72 /* SceneDelegate.swift */; };
		6966184C2451B3BA007F5D72 /* ContentView.swift in Sources */ = {isa = PBXBuildFile; fileRef = 6966184B2451B3BA007F5D72 /* ContentView.swift */; };
		6966184E2451B3BC007F5D72 /* Assets.xcassets in Resources */ = {isa = PBXBuildFile; fileRef = 6966184D2451B3BC007F5D72 /* Assets.xcassets */; };
		696618512451B3BC007F5D72 /* Preview Assets.xcassets in Resources */ = {isa = PBXBuildFile; fileRef = 696618502451B3BC007F5D72 /* Preview Assets.xcassets */; };
		696618542451B3BC007F5D72 /* LaunchScreen.storyboard in Resources */ = {isa = PBXBuildFile; fileRef = 696618522451B3BC007F5D72 /* LaunchScreen.storyboard */; };
		69CED45A245A1E4300D24F4D /* Realm.framework in Frameworks */ = {isa = PBXBuildFile; fileRef = 69CED456245A1E3E00D24F4D /* Realm.framework */; };
		69CED45B245A1E4300D24F4D /* Realm.framework in Embed Frameworks */ = {isa = PBXBuildFile; fileRef = 69CED456245A1E3E00D24F4D /* Realm.framework */; settings = {ATTRIBUTES = (CodeSignOnCopy, RemoveHeadersOnCopy, ); }; };
		69CED45D245A1E4400D24F4D /* RealmSwift.framework in Frameworks */ = {isa = PBXBuildFile; fileRef = 69CED457245A1E3E00D24F4D /* RealmSwift.framework */; };
		69CED45E245A1E4400D24F4D /* RealmSwift.framework in Embed Frameworks */ = {isa = PBXBuildFile; fileRef = 69CED457245A1E3E00D24F4D /* RealmSwift.framework */; settings = {ATTRIBUTES = (CodeSignOnCopy, RemoveHeadersOnCopy, ); }; };
		69CED460245A2C7900D24F4D /* Data.swift in Sources */ = {isa = PBXBuildFile; fileRef = 69CED45F245A2C7900D24F4D /* Data.swift */; };
		69FE24A52459F58800BD7C2B /* AddPill.swift in Sources */ = {isa = PBXBuildFile; fileRef = 69FE24A42459F58800BD7C2B /* AddPill.swift */; };
/* End PBXBuildFile section */

/* Begin PBXCopyFilesBuildPhase section */
		69CED45C245A1E4300D24F4D /* Embed Frameworks */ = {
			isa = PBXCopyFilesBuildPhase;
			buildActionMask = 2147483647;
			dstPath = "";
			dstSubfolderSpec = 10;
			files = (
				69CED45E245A1E4400D24F4D /* RealmSwift.framework in Embed Frameworks */,
				69CED45B245A1E4300D24F4D /* Realm.framework in Embed Frameworks */,
			);
			name = "Embed Frameworks";
			runOnlyForDeploymentPostprocessing = 0;
		};
/* End PBXCopyFilesBuildPhase section */

/* Begin PBXFileReference section */
		696618442451B3BA007F5D72 /* Pillzy.app */ = {isa = PBXFileReference; explicitFileType = wrapper.application; includeInIndex = 0; path = Pillzy.app; sourceTree = BUILT_PRODUCTS_DIR; };
		696618472451B3BA007F5D72 /* AppDelegate.swift */ = {isa = PBXFileReference; lastKnownFileType = sourcecode.swift; path = AppDelegate.swift; sourceTree = "<group>"; };
		696618492451B3BA007F5D72 /* SceneDelegate.swift */ = {isa = PBXFileReference; lastKnownFileType = sourcecode.swift; path = SceneDelegate.swift; sourceTree = "<group>"; };
		6966184B2451B3BA007F5D72 /* ContentView.swift */ = {isa = PBXFileReference; lastKnownFileType = sourcecode.swift; path = ContentView.swift; sourceTree = "<group>"; };
		6966184D2451B3BC007F5D72 /* Assets.xcassets */ = {isa = PBXFileReference; lastKnownFileType = folder.assetcatalog; path = Assets.xcassets; sourceTree = "<group>"; };
		696618502451B3BC007F5D72 /* Preview Assets.xcassets */ = {isa = PBXFileReference; lastKnownFileType = folder.assetcatalog; path = "Preview Assets.xcassets"; sourceTree = "<group>"; };
		696618532451B3BC007F5D72 /* Base */ = {isa = PBXFileReference; lastKnownFileType = file.storyboard; name = Base; path = Base.lproj/LaunchScreen.storyboard; sourceTree = "<group>"; };
		696618552451B3BC007F5D72 /* Info.plist */ = {isa = PBXFileReference; lastKnownFileType = text.plist.xml; path = Info.plist; sourceTree = "<group>"; };
		69CED456245A1E3E00D24F4D /* Realm.framework */ = {isa = PBXFileReference; lastKnownFileType = wrapper.framework; path = Realm.framework; sourceTree = "<group>"; };
		69CED457245A1E3E00D24F4D /* RealmSwift.framework */ = {isa = PBXFileReference; lastKnownFileType = wrapper.framework; path = RealmSwift.framework; sourceTree = "<group>"; };
		69CED45F245A2C7900D24F4D /* Data.swift */ = {isa = PBXFileReference; lastKnownFileType = sourcecode.swift; path = Data.swift; sourceTree = "<group>"; };
		69FE24A42459F58800BD7C2B /* AddPill.swift */ = {isa = PBXFileReference; lastKnownFileType = sourcecode.swift; path = AddPill.swift; sourceTree = "<group>"; };
/* End PBXFileReference section */

/* Begin PBXFrameworksBuildPhase section */
		696618412451B3BA007F5D72 /* Frameworks */ = {
			isa = PBXFrameworksBuildPhase;
			buildActionMask = 2147483647;
			files = (
				69CED45D245A1E4400D24F4D /* RealmSwift.framework in Frameworks */,
				69CED45A245A1E4300D24F4D /* Realm.framework in Frameworks */,
			);
			runOnlyForDeploymentPostprocessing = 0;
		};
/* End PBXFrameworksBuildPhase section */

/* Begin PBXGroup section */
		6966183B2451B3BA007F5D72 = {
			isa = PBXGroup;
			children = (
				69CED456245A1E3E00D24F4D /* Realm.framework */,
				69CED457245A1E3E00D24F4D /* RealmSwift.framework */,
				696618462451B3BA007F5D72 /* Pillzy */,
				696618452451B3BA007F5D72 /* Products */,
			);
			sourceTree = "<group>";
		};
		696618452451B3BA007F5D72 /* Products */ = {
			isa = PBXGroup;
			children = (
				696618442451B3BA007F5D72 /* Pillzy.app */,
			);
			name = Products;
			sourceTree = "<group>";
		};
		696618462451B3BA007F5D72 /* Pillzy */ = {
			isa = PBXGroup;
			children = (
				696618472451B3BA007F5D72 /* AppDelegate.swift */,
				696618492451B3BA007F5D72 /* SceneDelegate.swift */,
				6966184B2451B3BA007F5D72 /* ContentView.swift */,
				69FE24A42459F58800BD7C2B /* AddPill.swift */,
				69CED45F245A2C7900D24F4D /* Data.swift */,
				6966184D2451B3BC007F5D72 /* Assets.xcassets */,
				696618522451B3BC007F5D72 /* LaunchScreen.storyboard */,
				696618552451B3BC007F5D72 /* Info.plist */,
				6966184F2451B3BC007F5D72 /* Preview Content */,
			);
			path = Pillzy;
			sourceTree = "<group>";
		};
		6966184F2451B3BC007F5D72 /* Preview Content */ = {
			isa = PBXGroup;
			children = (
				696618502451B3BC007F5D72 /* Preview Assets.xcassets */,
			);
			path = "Preview Content";
			sourceTree = "<group>";
		};
/* End PBXGroup section */

/* Begin PBXNativeTarget section */
		696618432451B3BA007F5D72 /* Pillzy */ = {
			isa = PBXNativeTarget;
			buildConfigurationList = 696618582451B3BC007F5D72 /* Build configuration list for PBXNativeTarget "Pillzy" */;
			buildPhases = (
				696618402451B3BA007F5D72 /* Sources */,
				696618412451B3BA007F5D72 /* Frameworks */,
				696618422451B3BA007F5D72 /* Resources */,
				69CED45C245A1E4300D24F4D /* Embed Frameworks */,
			);
			buildRules = (
			);
			dependencies = (
			);
			name = Pillzy;
			productName = Pillzy;
			productReference = 696618442451B3BA007F5D72 /* Pillzy.app */;
			productType = "com.apple.product-type.application";
		};
/* End PBXNativeTarget section */

/* Begin PBXProject section */
		6966183C2451B3BA007F5D72 /* Project object */ = {
			isa = PBXProject;
			attributes = {
				LastSwiftUpdateCheck = 1140;
				LastUpgradeCheck = 1140;
				ORGANIZATIONNAME = "Daniel Khromov";
				TargetAttributes = {
					696618432451B3BA007F5D72 = {
						CreatedOnToolsVersion = 11.4.1;
					};
				};
			};
			buildConfigurationList = 6966183F2451B3BA007F5D72 /* Build configuration list for PBXProject "Pillzy" */;
			compatibilityVersion = "Xcode 9.3";
			developmentRegion = en;
			hasScannedForEncodings = 0;
			knownRegions = (
				en,
				Base,
			);
			mainGroup = 6966183B2451B3BA007F5D72;
			productRefGroup = 696618452451B3BA007F5D72 /* Products */;
			projectDirPath = "";
			projectRoot = "";
			targets = (
				696618432451B3BA007F5D72 /* Pillzy */,
			);
		};
/* End PBXProject section */

/* Begin PBXResourcesBuildPhase section */
		696618422451B3BA007F5D72 /* Resources */ = {
			isa = PBXResourcesBuildPhase;
			buildActionMask = 2147483647;
			files = (
				696618542451B3BC007F5D72 /* LaunchScreen.storyboard in Resources */,
				696618512451B3BC007F5D72 /* Preview Assets.xcassets in Resources */,
				6966184E2451B3BC007F5D72 /* Assets.xcassets in Resources */,
			);
			runOnlyForDeploymentPostprocessing = 0;
		};
/* End PBXResourcesBuildPhase section */

/* Begin PBXSourcesBuildPhase section */
		696618402451B3BA007F5D72 /* Sources */ = {
			isa = PBXSourcesBuildPhase;
			buildActionMask = 2147483647;
			files = (
				696618482451B3BA007F5D72 /* AppDelegate.swift in Sources */,
				69CED460245A2C7900D24F4D /* Data.swift in Sources */,
				6966184A2451B3BA007F5D72 /* SceneDelegate.swift in Sources */,
				69FE24A52459F58800BD7C2B /* AddPill.swift in Sources */,
				6966184C2451B3BA007F5D72 /* ContentView.swift in Sources */,
			);
			runOnlyForDeploymentPostprocessing = 0;
		};
/* End PBXSourcesBuildPhase section */

/* Begin PBXVariantGroup section */
		696618522451B3BC007F5D72 /* LaunchScreen.storyboard */ = {
			isa = PBXVariantGroup;
			children = (
				696618532451B3BC007F5D72 /* Base */,
			);
			name = LaunchScreen.storyboard;
			sourceTree = "<group>";
		};
/* End PBXVariantGroup section */

/* Begin XCBuildConfiguration section */
		696618562451B3BC007F5D72 /* Debug */ = {
			isa = XCBuildConfiguration;
			buildSettings = {
				ALWAYS_SEARCH_USER_PATHS = NO;
				CLANG_ANALYZER_NONNULL = YES;
				CLANG_ANALYZER_NUMBER_OBJECT_CONVERSION = YES_AGGRESSIVE;
				CLANG_CXX_LANGUAGE_STANDARD = "gnu++14";
				CLANG_CXX_LIBRARY = "libc++";
				CLANG_ENABLE_MODULES = YES;
				CLANG_ENABLE_OBJC_ARC = YES;
				CLANG_ENABLE_OBJC_WEAK = YES;
				CLANG_WARN_BLOCK_CAPTURE_AUTORELEASING = YES;
				CLANG_WARN_BOOL_CONVERSION = YES;
				CLANG_WARN_COMMA = YES;
				CLANG_WARN_CONSTANT_CONVERSION = YES;
				CLANG_WARN_DEPRECATED_OBJC_IMPLEMENTATIONS = YES;
				CLANG_WARN_DIRECT_OBJC_ISA_USAGE = YES_ERROR;
				CLANG_WARN_DOCUMENTATION_COMMENTS = YES;
				CLANG_WARN_EMPTY_BODY = YES;
				CLANG_WARN_ENUM_CONVERSION = YES;
				CLANG_WARN_INFINITE_RECURSION = YES;
				CLANG_WARN_INT_CONVERSION = YES;
				CLANG_WARN_NON_LITERAL_NULL_CONVERSION = YES;
				CLANG_WARN_OBJC_IMPLICIT_RETAIN_SELF = YES;
				CLANG_WARN_OBJC_LITERAL_CONVERSION = YES;
				CLANG_WARN_OBJC_ROOT_CLASS = YES_ERROR;
				CLANG_WARN_RANGE_LOOP_ANALYSIS = YES;
				CLANG_WARN_STRICT_PROTOTYPES = YES;
				CLANG_WARN_SUSPICIOUS_MOVE = YES;
				CLANG_WARN_UNGUARDED_AVAILABILITY = YES_AGGRESSIVE;
				CLANG_WARN_UNREACHABLE_CODE = YES;
				CLANG_WARN__DUPLICATE_METHOD_MATCH = YES;
				COPY_PHASE_STRIP = NO;
				DEBUG_INFORMATION_FORMAT = dwarf;
				ENABLE_STRICT_OBJC_MSGSEND = YES;
				ENABLE_TESTABILITY = YES;
				GCC_C_LANGUAGE_STANDARD = gnu11;
				GCC_DYNAMIC_NO_PIC = NO;
				GCC_NO_COMMON_BLOCKS = YES;
				GCC_OPTIMIZATION_LEVEL = 0;
				GCC_PREPROCESSOR_DEFINITIONS = (
					"DEBUG=1",
					"$(inherited)",
				);
				GCC_WARN_64_TO_32_BIT_CONVERSION = YES;
				GCC_WARN_ABOUT_RETURN_TYPE = YES_ERROR;
				GCC_WARN_UNDECLARED_SELECTOR = YES;
				GCC_WARN_UNINITIALIZED_AUTOS = YES_AGGRESSIVE;
				GCC_WARN_UNUSED_FUNCTION = YES;
				GCC_WARN_UNUSED_VARIABLE = YES;
				IPHONEOS_DEPLOYMENT_TARGET = 13.4;
				MTL_ENABLE_DEBUG_INFO = INCLUDE_SOURCE;
				MTL_FAST_MATH = YES;
				ONLY_ACTIVE_ARCH = YES;
				SDKROOT = iphoneos;
				SWIFT_ACTIVE_COMPILATION_CONDITIONS = DEBUG;
				SWIFT_OPTIMIZATION_LEVEL = "-Onone";
			};
			name = Debug;
		};
		696618572451B3BC007F5D72 /* Release */ = {
			isa = XCBuildConfiguration;
			buildSettings = {
				ALWAYS_SEARCH_USER_PATHS = NO;
				CLANG_ANALYZER_NONNULL = YES;
				CLANG_ANALYZER_NUMBER_OBJECT_CONVERSION = YES_AGGRESSIVE;
				CLANG_CXX_LANGUAGE_STANDARD = "gnu++14";
				CLANG_CXX_LIBRARY = "libc++";
				CLANG_ENABLE_MODULES = YES;
				CLANG_ENABLE_OBJC_ARC = YES;
				CLANG_ENABLE_OBJC_WEAK = YES;
				CLANG_WARN_BLOCK_CAPTURE_AUTORELEASING = YES;
				CLANG_WARN_BOOL_CONVERSION = YES;
				CLANG_WARN_COMMA = YES;
				CLANG_WARN_CONSTANT_CONVERSION = YES;
				CLANG_WARN_DEPRECATED_OBJC_IMPLEMENTATIONS = YES;
				CLANG_WARN_DIRECT_OBJC_ISA_USAGE = YES_ERROR;
				CLANG_WARN_DOCUMENTATION_COMMENTS = YES;
				CLANG_WARN_EMPTY_BODY = YES;
				CLANG_WARN_ENUM_CONVERSION = YES;
				CLANG_WARN_INFINITE_RECURSION = YES;
				CLANG_WARN_INT_CONVERSION = YES;
				CLANG_WARN_NON_LITERAL_NULL_CONVERSION = YES;
				CLANG_WARN_OBJC_IMPLICIT_RETAIN_SELF = YES;
				CLANG_WARN_OBJC_LITERAL_CONVERSION = YES;
				CLANG_WARN_OBJC_ROOT_CLASS = YES_ERROR;
				CLANG_WARN_RANGE_LOOP_ANALYSIS = YES;
				CLANG_WARN_STRICT_PROTOTYPES = YES;
				CLANG_WARN_SUSPICIOUS_MOVE = YES;
				CLANG_WARN_UNGUARDED_AVAILABILITY = YES_AGGRESSIVE;
				CLANG_WARN_UNREACHABLE_CODE = YES;
				CLANG_WARN__DUPLICATE_METHOD_MATCH = YES;
				COPY_PHASE_STRIP = NO;
				DEBUG_INFORMATION_FORMAT = "dwarf-with-dsym";
				ENABLE_NS_ASSERTIONS = NO;
				ENABLE_STRICT_OBJC_MSGSEND = YES;
				GCC_C_LANGUAGE_STANDARD = gnu11;
				GCC_NO_COMMON_BLOCKS = YES;
				GCC_WARN_64_TO_32_BIT_CONVERSION = YES;
				GCC_WARN_ABOUT_RETURN_TYPE = YES_ERROR;
				GCC_WARN_UNDECLARED_SELECTOR = YES;
				GCC_WARN_UNINITIALIZED_AUTOS = YES_AGGRESSIVE;
				GCC_WARN_UNUSED_FUNCTION = YES;
				GCC_WARN_UNUSED_VARIABLE = YES;
				IPHONEOS_DEPLOYMENT_TARGET = 13.4;
				MTL_ENABLE_DEBUG_INFO = NO;
				MTL_FAST_MATH = YES;
				SDKROOT = iphoneos;
				SWIFT_COMPILATION_MODE = wholemodule;
				SWIFT_OPTIMIZATION_LEVEL = "-O";
				VALIDATE_PRODUCT = YES;
			};
			name = Release;
		};
		696618592451B3BC007F5D72 /* Debug */ = {
			isa = XCBuildConfiguration;
			buildSettings = {
				ASSETCATALOG_COMPILER_APPICON_NAME = AppIcon;
				CODE_SIGN_STYLE = Automatic;
				DEVELOPMENT_ASSET_PATHS = "\"Pillzy/Preview Content\"";
				DEVELOPMENT_TEAM = CQT34X72YN;
				ENABLE_PREVIEWS = YES;
				FRAMEWORK_SEARCH_PATHS = (
					"$(inherited)",
					"$(PROJECT_DIR)",
				);
				INFOPLIST_FILE = Pillzy/Info.plist;
				LD_RUNPATH_SEARCH_PATHS = (
					"$(inherited)",
					"@executable_path/Frameworks",
				);
				PRODUCT_BUNDLE_IDENTIFIER = danonchik.Pillzy;
				PRODUCT_NAME = "$(TARGET_NAME)";
				SWIFT_VERSION = 5.0;
				TARGETED_DEVICE_FAMILY = 1;
			};
			name = Debug;
		};
		6966185A2451B3BC007F5D72 /* Release */ = {
			isa = XCBuildConfiguration;
			buildSettings = {
				ASSETCATALOG_COMPILER_APPICON_NAME = AppIcon;
				CODE_SIGN_STYLE = Automatic;
				DEVELOPMENT_ASSET_PATHS = "\"Pillzy/Preview Content\"";
				DEVELOPMENT_TEAM = CQT34X72YN;
				ENABLE_PREVIEWS = YES;
				FRAMEWORK_SEARCH_PATHS = (
					"$(inherited)",
					"$(PROJECT_DIR)",
				);
				INFOPLIST_FILE = Pillzy/Info.plist;
				LD_RUNPATH_SEARCH_PATHS = (
					"$(inherited)",
					"@executable_path/Frameworks",
				);
				PRODUCT_BUNDLE_IDENTIFIER = danonchik.Pillzy;
				PRODUCT_NAME = "$(TARGET_NAME)";
				SWIFT_VERSION = 5.0;
				TARGETED_DEVICE_FAMILY = 1;
			};
			name = Release;
		};
/* End XCBuildConfiguration section */

/* Begin XCConfigurationList section */
		6966183F2451B3BA007F5D72 /* Build configuration list for PBXProject "Pillzy" */ = {
			isa = XCConfigurationList;
			buildConfigurations = (
				696618562451B3BC007F5D72 /* Debug */,
				696618572451B3BC007F5D72 /* Release */,
			);
			defaultConfigurationIsVisible = 0;
			defaultConfigurationName = Release;
		};
		696618582451B3BC007F5D72 /* Build configuration list for PBXNativeTarget "Pillzy" */ = {
			isa = XCConfigurationList;
			buildConfigurations = (
				696618592451B3BC007F5D72 /* Debug */,
				6966185A2451B3BC007F5D72 /* Release */,
			);
			defaultConfigurationIsVisible = 0;
			defaultConfigurationName = Release;
		};
/* End XCConfigurationList section */
	};
	rootObject = 6966183C2451B3BA007F5D72 /* Project object */;
}
